Microsoft Visual Studio Solution File, Format Version 12.00
# Visual Studio 2012
Project("{FAE04EC0-301F-11D3-BF4B-00C04F79EFBC}") = "Game Programming Patterns - Observer- State & Pooling", "Game Programming Patterns - Observer- State & Pooling.csproj", "{80B279C3-7602-4FC2-A312-FFF615AB7B3B}"
EndProject
Global
	GlobalSection(SolutionConfigurationPlatforms) = preSolution
	Debug|Any CPU = Debug|Any CPU
	ExportDebug|Any CPU = ExportDebug|Any CPU
	ExportRelease|Any CPU = ExportRelease|Any CPU
	EndGlobalSection
	GlobalSection(ProjectConfigurationPlatforms) = postSolution
		{80B279C3-7602-4FC2-A312-FFF615AB7B3B}.Debug|Any CPU.ActiveCfg = Debug|Any CPU
		{80B279C3-7602-4FC2-A312-FFF615AB7B3B}.Debug|Any CPU.Build.0 = Debug|Any CPU
		{80B279C3-7602-4FC2-A312-FFF615AB7B3B}.ExportDebug|Any CPU.ActiveCfg = ExportDebug|Any CPU
		{80B279C3-7602-4FC2-A312-FFF615AB7B3B}.ExportDebug|Any CPU.Build.0 = ExportDebug|Any CPU
		{80B279C3-7602-4FC2-A312-FFF615AB7B3B}.ExportRelease|Any CPU.ActiveCfg = ExportRelease|Any CPU
		{80B279C3-7602-4FC2-A312-FFF615AB7B3B}.ExportRelease|Any CPU.Build.0 = ExportRelease|Any CPU
	EndGlobalSection
EndGlobal
